{
  "name": "radio",
  "version": "0.1.0",
  "lockfileVersion": 3,
  "requires": true,
  "packages": {
    "": {
      "name": "radio",
      "version": "0.1.0",
      "dependencies": {
        "@brtmvdl/database": "^0.6.8"
      }
    },
    "node_modules/@brtmvdl/database": {
      "version": "0.6.8",
      "resolved": "https://registry.npmjs.org/@brtmvdl/database/-/database-0.6.8.tgz",
      "integrity": "sha512-LIHcYx8UAcGPku2MjWd1rvdAKXBVkSTd3dKCQ6kV0u+i8OV2aJaKYdehOBGg5JLLkdPIU/SKGN80KfvUdh5e4w==",
      "dependencies": {
        "@brtmvdl/uuid": "^0.2.0"
      },
      "bin": {
        "database": "bin/index.js"
      },
      "funding": {
        "url": "https://link.mercadopago.com.br/brtmvdl"
      }
    },
    "node_modules/@brtmvdl/uuid": {
      "version": "0.2.0",
      "resolved": "https://registry.npmjs.org/@brtmvdl/uuid/-/uuid-0.2.0.tgz",
      "integrity": "sha512-DYldjPmwMo7f5sZddFYmzkjJmk4ySLfmK6BApYmLW2V/do5MtJsBbd3TnDEW/vPfP5+ISIsy+oV8NrwR5LhqWg=="
    }
  }
}
